
Microsoft Visual Studio Solution File, Format Version 12.00
# Visual Studio 14
VisualStudioVersion = 14.0.24720.0
MinimumVisualStudioVersion = 10.0.40219.1
Project("{FAE04EC0-301F-11D3-BF4B-00C04F79EFBC}") = "HR.Web", "HR\HR.Web.csproj", "{040F2E82-E1C3-47EE-AAF4-4697C4F5AC64}"
EndProject
Project("{FAE04EC0-301F-11D3-BF4B-00C04F79EFBC}") = "HR.Service", "HR.Service\HR.Service.csproj", "{8F5A71E2-DF2F-42C2-A620-FDD97F650AC5}"
EndProject
Project("{FAE04EC0-301F-11D3-BF4B-00C04F79EFBC}") = "HR.Core", "HR.Core\HR.Core.csproj", "{D7D12FEA-E02C-41E1-8496-8687ED67CCDA}"
EndProject
Project("{FAE04EC0-301F-11D3-BF4B-00C04F79EFBC}") = "HR.Data", "HR.Data\HR.Data.csproj", "{5D5E9E1D-54B8-4513-8F1B-4E9870F96CA3}"
EndProject
Global
	GlobalSection(SolutionConfigurationPlatforms) = preSolution
		Debug|Any CPU = Debug|Any CPU
		Release|Any CPU = Release|Any CPU
	EndGlobalSection
	GlobalSection(ProjectConfigurationPlatforms) = postSolution
		{040F2E82-E1C3-47EE-AAF4-4697C4F5AC64}.Debug|Any CPU.ActiveCfg = Debug|Any CPU
		{040F2E82-E1C3-47EE-AAF4-4697C4F5AC64}.Debug|Any CPU.Build.0 = Debug|Any CPU
		{040F2E82-E1C3-47EE-AAF4-4697C4F5AC64}.Release|Any CPU.ActiveCfg = Release|Any CPU
		{040F2E82-E1C3-47EE-AAF4-4697C4F5AC64}.Release|Any CPU.Build.0 = Release|Any CPU
		{8F5A71E2-DF2F-42C2-A620-FDD97F650AC5}.Debug|Any CPU.ActiveCfg = Debug|Any CPU
		{8F5A71E2-DF2F-42C2-A620-FDD97F650AC5}.Debug|Any CPU.Build.0 = Debug|Any CPU
		{8F5A71E2-DF2F-42C2-A620-FDD97F650AC5}.Release|Any CPU.ActiveCfg = Release|Any CPU
		{8F5A71E2-DF2F-42C2-A620-FDD97F650AC5}.Release|Any CPU.Build.0 = Release|Any CPU
		{D7D12FEA-E02C-41E1-8496-8687ED67CCDA}.Debug|Any CPU.ActiveCfg = Debug|Any CPU
		{D7D12FEA-E02C-41E1-8496-8687ED67CCDA}.Debug|Any CPU.Build.0 = Debug|Any CPU
		{D7D12FEA-E02C-41E1-8496-8687ED67CCDA}.Release|Any CPU.ActiveCfg = Release|Any CPU
		{D7D12FEA-E02C-41E1-8496-8687ED67CCDA}.Release|Any CPU.Build.0 = Release|Any CPU
		{5D5E9E1D-54B8-4513-8F1B-4E9870F96CA3}.Debug|Any CPU.ActiveCfg = Debug|Any CPU
		{5D5E9E1D-54B8-4513-8F1B-4E9870F96CA3}.Debug|Any CPU.Build.0 = Debug|Any CPU
		{5D5E9E1D-54B8-4513-8F1B-4E9870F96CA3}.Release|Any CPU.ActiveCfg = Release|Any CPU
		{5D5E9E1D-54B8-4513-8F1B-4E9870F96CA3}.Release|Any CPU.Build.0 = Release|Any CPU
	EndGlobalSection
	GlobalSection(SolutionProperties) = preSolution
		HideSolutionNode = FALSE
	EndGlobalSection
EndGlobal
